// !$*UTF8*$!
{
	archiveVersion = 1;
	classes = {
	};
	objectVersion = 46;
	objects = {

/* Begin PBXBuildFile section */
		3F58CF8A1738FAFA00AF7A1D /* UIKit.framework in Frameworks */ = {isa = PBXBuildFile; fileRef = 3F58CF891738FAFA00AF7A1D /* UIKit.framework */; };
		3F58CF8C1738FAFA00AF7A1D /* Foundation.framework in Frameworks */ = {isa = PBXBuildFile; fileRef = 3F58CF8B1738FAFA00AF7A1D /* Foundation.framework */; };
		3F58CF8E1738FAFA00AF7A1D /* CoreGraphics.framework in Frameworks */ = {isa = PBXBuildFile; fileRef = 3F58CF8D1738FAFA00AF7A1D /* CoreGraphics.framework */; };
		3F58CF941738FAFA00AF7A1D /* InfoPlist.strings in Resources */ = {isa = PBXBuildFile; fileRef = 3F58CF921738FAFA00AF7A1D /* InfoPlist.strings */; };
		3F58CF961738FAFA00AF7A1D /* main.m in Sources */ = {isa = PBXBuildFile; fileRef = 3F58CF951738FAFA00AF7A1D /* main.m */; };
		3F58CF9A1738FAFA00AF7A1D /* SSPAppDelegate.m in Sources */ = {isa = PBXBuildFile; fileRef = 3F58CF991738FAFA00AF7A1D /* SSPAppDelegate.m */; };
		3F58CF9C1738FAFA00AF7A1D /* Default.png in Resources */ = {isa = PBXBuildFile; fileRef = 3F58CF9B1738FAFA00AF7A1D /* Default.png */; };
		3F58CF9E1738FAFA00AF7A1D /* Default@2x.png in Resources */ = {isa = PBXBuildFile; fileRef = 3F58CF9D1738FAFA00AF7A1D /* Default@2x.png */; };
		3F58CFA01738FAFA00AF7A1D /* Default-568h@2x.png in Resources */ = {isa = PBXBuildFile; fileRef = 3F58CF9F1738FAFA00AF7A1D /* Default-568h@2x.png */; };
		3F75D3FE1744B4B000F2DB60 /* UIView+SSPKit.m in Sources */ = {isa = PBXBuildFile; fileRef = 3F75D3F21744B4B000F2DB60 /* UIView+SSPKit.m */; };
		5C0E4B401BE88C7F00EFC121 /* SSPGradientView.m in Sources */ = {isa = PBXBuildFile; fileRef = 5C0E4B3F1BE88C7F00EFC121 /* SSPGradientView.m */; };
		5C0E4B421BE88CCC00EFC121 /* QuartzCore.framework in Frameworks */ = {isa = PBXBuildFile; fileRef = 5C0E4B411BE88CCC00EFC121 /* QuartzCore.framework */; };
		5C2075041B7C7DBA00F6278E /* SSPNibContainerView.m in Sources */ = {isa = PBXBuildFile; fileRef = 5C2075031B7C7DBA00F6278E /* SSPNibContainerView.m */; };
		5C2075071B7C83E000F6278E /* UIViewController+SSPStoryboard.m in Sources */ = {isa = PBXBuildFile; fileRef = 5C2075061B7C83E000F6278E /* UIViewController+SSPStoryboard.m */; };
		5C20750D1B7DBFF100F6278E /* NSObject+SSPDictionary.m in Sources */ = {isa = PBXBuildFile; fileRef = 5C20750C1B7DBFF100F6278E /* NSObject+SSPDictionary.m */; };
		5C2075101B7DC17800F6278E /* NSObject+SSPPlist.m in Sources */ = {isa = PBXBuildFile; fileRef = 5C20750F1B7DC17800F6278E /* NSObject+SSPPlist.m */; };
		5C2075131B7DC31C00F6278E /* NSDictionary+SSPParsing.m in Sources */ = {isa = PBXBuildFile; fileRef = 5C2075121B7DC31C00F6278E /* NSDictionary+SSPParsing.m */; };
		5C20751D1B7DE1D100F6278E /* SSPKit_Tests.m in Sources */ = {isa = PBXBuildFile; fileRef = 5C20751C1B7DE1D100F6278E /* SSPKit_Tests.m */; };
		5C2075241B7DE3E700F6278E /* SSPParsingTest.m in Sources */ = {isa = PBXBuildFile; fileRef = 5C2075231B7DE3E700F6278E /* SSPParsingTest.m */; };
		5C2075261B7DEA6B00F6278E /* SSPPlistTest.m in Sources */ = {isa = PBXBuildFile; fileRef = 5C2075251B7DEA6B00F6278E /* SSPPlistTest.m */; };
		5C2075281B7DEA9600F6278E /* TestObjects.plist in Resources */ = {isa = PBXBuildFile; fileRef = 5C2075271B7DEA9600F6278E /* TestObjects.plist */; };
		5C20752B1B7DEF0100F6278E /* UIColor+SSPHex.m in Sources */ = {isa = PBXBuildFile; fileRef = 5C20752A1B7DEF0100F6278E /* UIColor+SSPHex.m */; };
		5C20752E1B84883C00F6278E /* UIView+Animation.m in Sources */ = {isa = PBXBuildFile; fileRef = 5C20752D1B84883C00F6278E /* UIView+Animation.m */; };
		5C2075311B8489FF00F6278E /* NSArray+SSPShuffle.m in Sources */ = {isa = PBXBuildFile; fileRef = 5C2075301B8489FF00F6278E /* NSArray+SSPShuffle.m */; };
		5C2075341B848A2800F6278E /* NSMutableArray+SSPShuffle.m in Sources */ = {isa = PBXBuildFile; fileRef = 5C2075331B848A2800F6278E /* NSMutableArray+SSPShuffle.m */; };
		5C2075371B848B5000F6278E /* NSString+SSPHash.m in Sources */ = {isa = PBXBuildFile; fileRef = 5C2075361B848B5000F6278E /* NSString+SSPHash.m */; };
		5C20753A1B84AD3F00F6278E /* UIView+SSPImageRepresentation.m in Sources */ = {isa = PBXBuildFile; fileRef = 5C2075391B84AD3F00F6278E /* UIView+SSPImageRepresentation.m */; };
		5C20753D1B85848D00F6278E /* UIImage+SSPRenderInContext.m in Sources */ = {isa = PBXBuildFile; fileRef = 5C20753C1B85848D00F6278E /* UIImage+SSPRenderInContext.m */; };
		5C2075401B85A7CB00F6278E /* UIImage+SSPResize.m in Sources */ = {isa = PBXBuildFile; fileRef = 5C20753F1B85A7CB00F6278E /* UIImage+SSPResize.m */; };
		5C9E57971B9046D50090D577 /* NSString+SSPUUID.m in Sources */ = {isa = PBXBuildFile; fileRef = 5C9E57961B9046D50090D577 /* NSString+SSPUUID.m */; };
		74BE4B5C1BEE360500A097FF /* SSPImagePickerController.m in Sources */ = {isa = PBXBuildFile; fileRef = 74BE4B5B1BEE360500A097FF /* SSPImagePickerController.m */; settings = {ASSET_TAGS = (); }; };
		74BE4B601BEE3D3F00A097FF /* SSPExampleHomeViewController.m in Sources */ = {isa = PBXBuildFile; fileRef = 74BE4B5F1BEE3D3F00A097FF /* SSPExampleHomeViewController.m */; settings = {ASSET_TAGS = (); }; };
		74BE4B641BEE3D9C00A097FF /* SSPGeometry.c in Sources */ = {isa = PBXBuildFile; fileRef = 74BE4B621BEE3D9C00A097FF /* SSPGeometry.c */; settings = {ASSET_TAGS = (); }; };
		74BE4B661BEE55FD00A097FF /* AVFoundation.framework in Frameworks */ = {isa = PBXBuildFile; fileRef = 74BE4B651BEE55FD00A097FF /* AVFoundation.framework */; };
		F65C64BC1779928E001BB8A2 /* UITableViewCell+SSPKit.m in Sources */ = {isa = PBXBuildFile; fileRef = F65C64BB1779928E001BB8A2 /* UITableViewCell+SSPKit.m */; };
/* End PBXBuildFile section */

/* Begin PBXContainerItemProxy section */
		5C20751E1B7DE1D100F6278E /* PBXContainerItemProxy */ = {
			isa = PBXContainerItemProxy;
			containerPortal = 3F58CF7C1738FAFA00AF7A1D /* Project object */;
			proxyType = 1;
			remoteGlobalIDString = 3F58CF841738FAFA00AF7A1D;
			remoteInfo = SSPKit;
		};
/* End PBXContainerItemProxy section */

/* Begin PBXFileReference section */
		3F58CF851738FAFA00AF7A1D /* SSPKit.app */ = {isa = PBXFileReference; explicitFileType = wrapper.application; includeInIndex = 0; path = SSPKit.app; sourceTree = BUILT_PRODUCTS_DIR; };
		3F58CF891738FAFA00AF7A1D /* UIKit.framework */ = {isa = PBXFileReference; lastKnownFileType = wrapper.framework; name = UIKit.framework; path = System/Library/Frameworks/UIKit.framework; sourceTree = SDKROOT; };
		3F58CF8B1738FAFA00AF7A1D /* Foundation.framework */ = {isa = PBXFileReference; lastKnownFileType = wrapper.framework; name = Foundation.framework; path = System/Library/Frameworks/Foundation.framework; sourceTree = SDKROOT; };
		3F58CF8D1738FAFA00AF7A1D /* CoreGraphics.framework */ = {isa = PBXFileReference; lastKnownFileType = wrapper.framework; name = CoreGraphics.framework; path = System/Library/Frameworks/CoreGraphics.framework; sourceTree = SDKROOT; };
		3F58CF911738FAFA00AF7A1D /* SSPKit-Info.plist */ = {isa = PBXFileReference; lastKnownFileType = text.plist.xml; path = "SSPKit-Info.plist"; sourceTree = "<group>"; };
		3F58CF931738FAFA00AF7A1D /* en */ = {isa = PBXFileReference; lastKnownFileType = text.plist.strings; name = en; path = en.lproj/InfoPlist.strings; sourceTree = "<group>"; };
		3F58CF951738FAFA00AF7A1D /* main.m */ = {isa = PBXFileReference; lastKnownFileType = sourcecode.c.objc; path = main.m; sourceTree = "<group>"; };
		3F58CF971738FAFA00AF7A1D /* SSPKit-Prefix.pch */ = {isa = PBXFileReference; lastKnownFileType = sourcecode.c.h; path = "SSPKit-Prefix.pch"; sourceTree = "<group>"; };
		3F58CF981738FAFA00AF7A1D /* SSPAppDelegate.h */ = {isa = PBXFileReference; lastKnownFileType = sourcecode.c.h; path = SSPAppDelegate.h; sourceTree = "<group>"; };
		3F58CF991738FAFA00AF7A1D /* SSPAppDelegate.m */ = {isa = PBXFileReference; lastKnownFileType = sourcecode.c.objc; path = SSPAppDelegate.m; sourceTree = "<group>"; };
		3F58CF9B1738FAFA00AF7A1D /* Default.png */ = {isa = PBXFileReference; lastKnownFileType = image.png; path = Default.png; sourceTree = "<group>"; };
		3F58CF9D1738FAFA00AF7A1D /* Default@2x.png */ = {isa = PBXFileReference; lastKnownFileType = image.png; path = "Default@2x.png"; sourceTree = "<group>"; };
		3F58CF9F1738FAFA00AF7A1D /* Default-568h@2x.png */ = {isa = PBXFileReference; lastKnownFileType = image.png; path = "Default-568h@2x.png"; sourceTree = "<group>"; };
		3F75D3F11744B4B000F2DB60 /* UIView+SSPKit.h */ = {isa = PBXFileReference; fileEncoding = 4; lastKnownFileType = sourcecode.c.h; path = "UIView+SSPKit.h"; sourceTree = "<group>"; };
		3F75D3F21744B4B000F2DB60 /* UIView+SSPKit.m */ = {isa = PBXFileReference; fileEncoding = 4; lastKnownFileType = sourcecode.c.objc; path = "UIView+SSPKit.m"; sourceTree = "<group>"; };
		5539DBAC17B8846F0007D408 /* NSAttributedString+Additions.h */ = {isa = PBXFileReference; lastKnownFileType = sourcecode.c.h; path = "NSAttributedString+Additions.h"; sourceTree = "<group>"; };
		5539DBAD17B8846F0007D408 /* NSAttributedString+Additions.m */ = {isa = PBXFileReference; lastKnownFileType = sourcecode.c.objc; path = "NSAttributedString+Additions.m"; sourceTree = "<group>"; };
		5C0E4B3E1BE88C7F00EFC121 /* SSPGradientView.h */ = {isa = PBXFileReference; fileEncoding = 4; lastKnownFileType = sourcecode.c.h; path = SSPGradientView.h; sourceTree = "<group>"; };
		5C0E4B3F1BE88C7F00EFC121 /* SSPGradientView.m */ = {isa = PBXFileReference; fileEncoding = 4; lastKnownFileType = sourcecode.c.objc; path = SSPGradientView.m; sourceTree = "<group>"; };
		5C0E4B411BE88CCC00EFC121 /* QuartzCore.framework */ = {isa = PBXFileReference; lastKnownFileType = wrapper.framework; name = QuartzCore.framework; path = System/Library/Frameworks/QuartzCore.framework; sourceTree = SDKROOT; };
		5C2075021B7C7DBA00F6278E /* SSPNibContainerView.h */ = {isa = PBXFileReference; fileEncoding = 4; lastKnownFileType = sourcecode.c.h; path = SSPNibContainerView.h; sourceTree = "<group>"; };
		5C2075031B7C7DBA00F6278E /* SSPNibContainerView.m */ = {isa = PBXFileReference; fileEncoding = 4; lastKnownFileType = sourcecode.c.objc; path = SSPNibContainerView.m; sourceTree = "<group>"; };
		5C2075051B7C83E000F6278E /* UIViewController+SSPStoryboard.h */ = {isa = PBXFileReference; fileEncoding = 4; lastKnownFileType = sourcecode.c.h; path = "UIViewController+SSPStoryboard.h"; sourceTree = "<group>"; };
		5C2075061B7C83E000F6278E /* UIViewController+SSPStoryboard.m */ = {isa = PBXFileReference; fileEncoding = 4; lastKnownFileType = sourcecode.c.objc; path = "UIViewController+SSPStoryboard.m"; sourceTree = "<group>"; };
		5C20750B1B7DBFF100F6278E /* NSObject+SSPDictionary.h */ = {isa = PBXFileReference; fileEncoding = 4; lastKnownFileType = sourcecode.c.h; path = "NSObject+SSPDictionary.h"; sourceTree = "<group>"; };
		5C20750C1B7DBFF100F6278E /* NSObject+SSPDictionary.m */ = {isa = PBXFileReference; fileEncoding = 4; lastKnownFileType = sourcecode.c.objc; path = "NSObject+SSPDictionary.m"; sourceTree = "<group>"; };
		5C20750E1B7DC17800F6278E /* NSObject+SSPPlist.h */ = {isa = PBXFileReference; fileEncoding = 4; lastKnownFileType = sourcecode.c.h; path = "NSObject+SSPPlist.h"; sourceTree = "<group>"; };
		5C20750F1B7DC17800F6278E /* NSObject+SSPPlist.m */ = {isa = PBXFileReference; fileEncoding = 4; lastKnownFileType = sourcecode.c.objc; path = "NSObject+SSPPlist.m"; sourceTree = "<group>"; };
		5C2075111B7DC31C00F6278E /* NSDictionary+SSPParsing.h */ = {isa = PBXFileReference; fileEncoding = 4; lastKnownFileType = sourcecode.c.h; path = "NSDictionary+SSPParsing.h"; sourceTree = "<group>"; };
		5C2075121B7DC31C00F6278E /* NSDictionary+SSPParsing.m */ = {isa = PBXFileReference; fileEncoding = 4; lastKnownFileType = sourcecode.c.objc; path = "NSDictionary+SSPParsing.m"; sourceTree = "<group>"; };
		5C2075181B7DE1D100F6278E /* SSPKit Tests.xctest */ = {isa = PBXFileReference; explicitFileType = wrapper.cfbundle; includeInIndex = 0; path = "SSPKit Tests.xctest"; sourceTree = BUILT_PRODUCTS_DIR; };
		5C20751B1B7DE1D100F6278E /* Info.plist */ = {isa = PBXFileReference; lastKnownFileType = text.plist.xml; path = Info.plist; sourceTree = "<group>"; };
		5C20751C1B7DE1D100F6278E /* SSPKit_Tests.m */ = {isa = PBXFileReference; lastKnownFileType = sourcecode.c.objc; path = SSPKit_Tests.m; sourceTree = "<group>"; };
		5C2075231B7DE3E700F6278E /* SSPParsingTest.m */ = {isa = PBXFileReference; fileEncoding = 4; lastKnownFileType = sourcecode.c.objc; path = SSPParsingTest.m; sourceTree = "<group>"; };
		5C2075251B7DEA6B00F6278E /* SSPPlistTest.m */ = {isa = PBXFileReference; fileEncoding = 4; lastKnownFileType = sourcecode.c.objc; path = SSPPlistTest.m; sourceTree = "<group>"; };
		5C2075271B7DEA9600F6278E /* TestObjects.plist */ = {isa = PBXFileReference; fileEncoding = 4; lastKnownFileType = text.plist.xml; path = TestObjects.plist; sourceTree = "<group>"; };
		5C2075291B7DEF0100F6278E /* UIColor+SSPHex.h */ = {isa = PBXFileReference; fileEncoding = 4; lastKnownFileType = sourcecode.c.h; path = "UIColor+SSPHex.h"; sourceTree = "<group>"; };
		5C20752A1B7DEF0100F6278E /* UIColor+SSPHex.m */ = {isa = PBXFileReference; fileEncoding = 4; lastKnownFileType = sourcecode.c.objc; path = "UIColor+SSPHex.m"; sourceTree = "<group>"; };
		5C20752C1B84883C00F6278E /* UIView+Animation.h */ = {isa = PBXFileReference; fileEncoding = 4; lastKnownFileType = sourcecode.c.h; path = "UIView+Animation.h"; sourceTree = "<group>"; };
		5C20752D1B84883C00F6278E /* UIView+Animation.m */ = {isa = PBXFileReference; fileEncoding = 4; lastKnownFileType = sourcecode.c.objc; path = "UIView+Animation.m"; sourceTree = "<group>"; };
		5C20752F1B8489FF00F6278E /* NSArray+SSPShuffle.h */ = {isa = PBXFileReference; fileEncoding = 4; lastKnownFileType = sourcecode.c.h; path = "NSArray+SSPShuffle.h"; sourceTree = "<group>"; };
		5C2075301B8489FF00F6278E /* NSArray+SSPShuffle.m */ = {isa = PBXFileReference; fileEncoding = 4; lastKnownFileType = sourcecode.c.objc; path = "NSArray+SSPShuffle.m"; sourceTree = "<group>"; };
		5C2075321B848A2800F6278E /* NSMutableArray+SSPShuffle.h */ = {isa = PBXFileReference; fileEncoding = 4; lastKnownFileType = sourcecode.c.h; path = "NSMutableArray+SSPShuffle.h"; sourceTree = "<group>"; };
		5C2075331B848A2800F6278E /* NSMutableArray+SSPShuffle.m */ = {isa = PBXFileReference; fileEncoding = 4; lastKnownFileType = sourcecode.c.objc; path = "NSMutableArray+SSPShuffle.m"; sourceTree = "<group>"; };
		5C2075351B848B5000F6278E /* NSString+SSPHash.h */ = {isa = PBXFileReference; fileEncoding = 4; lastKnownFileType = sourcecode.c.h; path = "NSString+SSPHash.h"; sourceTree = "<group>"; };
		5C2075361B848B5000F6278E /* NSString+SSPHash.m */ = {isa = PBXFileReference; fileEncoding = 4; lastKnownFileType = sourcecode.c.objc; path = "NSString+SSPHash.m"; sourceTree = "<group>"; };
		5C2075381B84AD3F00F6278E /* UIView+SSPImageRepresentation.h */ = {isa = PBXFileReference; fileEncoding = 4; lastKnownFileType = sourcecode.c.h; path = "UIView+SSPImageRepresentation.h"; sourceTree = "<group>"; };
		5C2075391B84AD3F00F6278E /* UIView+SSPImageRepresentation.m */ = {isa = PBXFileReference; fileEncoding = 4; lastKnownFileType = sourcecode.c.objc; path = "UIView+SSPImageRepresentation.m"; sourceTree = "<group>"; };
		5C20753B1B85848D00F6278E /* UIImage+SSPRenderInContext.h */ = {isa = PBXFileReference; fileEncoding = 4; lastKnownFileType = sourcecode.c.h; path = "UIImage+SSPRenderInContext.h"; sourceTree = "<group>"; };
		5C20753C1B85848D00F6278E /* UIImage+SSPRenderInContext.m */ = {isa = PBXFileReference; fileEncoding = 4; lastKnownFileType = sourcecode.c.objc; path = "UIImage+SSPRenderInContext.m"; sourceTree = "<group>"; };
		5C20753E1B85A7CB00F6278E /* UIImage+SSPResize.h */ = {isa = PBXFileReference; fileEncoding = 4; lastKnownFileType = sourcecode.c.h; path = "UIImage+SSPResize.h"; sourceTree = "<group>"; };
		5C20753F1B85A7CB00F6278E /* UIImage+SSPResize.m */ = {isa = PBXFileReference; fileEncoding = 4; lastKnownFileType = sourcecode.c.objc; path = "UIImage+SSPResize.m"; sourceTree = "<group>"; };
		5C9E57951B9046D50090D577 /* NSString+SSPUUID.h */ = {isa = PBXFileReference; fileEncoding = 4; lastKnownFileType = sourcecode.c.h; path = "NSString+SSPUUID.h"; sourceTree = "<group>"; };
		5C9E57961B9046D50090D577 /* NSString+SSPUUID.m */ = {isa = PBXFileReference; fileEncoding = 4; lastKnownFileType = sourcecode.c.objc; path = "NSString+SSPUUID.m"; sourceTree = "<group>"; };
		74BE4B5A1BEE360500A097FF /* SSPImagePickerController.h */ = {isa = PBXFileReference; fileEncoding = 4; lastKnownFileType = sourcecode.c.h; path = SSPImagePickerController.h; sourceTree = "<group>"; };
		74BE4B5B1BEE360500A097FF /* SSPImagePickerController.m */ = {isa = PBXFileReference; fileEncoding = 4; lastKnownFileType = sourcecode.c.objc; path = SSPImagePickerController.m; sourceTree = "<group>"; };
		74BE4B5E1BEE3D3F00A097FF /* SSPExampleHomeViewController.h */ = {isa = PBXFileReference; fileEncoding = 4; lastKnownFileType = sourcecode.c.h; path = SSPExampleHomeViewController.h; sourceTree = "<group>"; };
		74BE4B5F1BEE3D3F00A097FF /* SSPExampleHomeViewController.m */ = {isa = PBXFileReference; fileEncoding = 4; lastKnownFileType = sourcecode.c.objc; path = SSPExampleHomeViewController.m; sourceTree = "<group>"; };
		74BE4B621BEE3D9C00A097FF /* SSPGeometry.c */ = {isa = PBXFileReference; fileEncoding = 4; lastKnownFileType = sourcecode.c.c; path = SSPGeometry.c; sourceTree = "<group>"; };
		74BE4B631BEE3D9C00A097FF /* SSPGeometry.h */ = {isa = PBXFileReference; fileEncoding = 4; lastKnownFileType = sourcecode.c.h; path = SSPGeometry.h; sourceTree = "<group>"; };
		74BE4B651BEE55FD00A097FF /* AVFoundation.framework */ = {isa = PBXFileReference; lastKnownFileType = wrapper.framework; name = AVFoundation.framework; path = System/Library/Frameworks/AVFoundation.framework; sourceTree = SDKROOT; };
		F65C64B6177990B9001BB8A2 /* SSPAbstractMethod.h */ = {isa = PBXFileReference; fileEncoding = 4; lastKnownFileType = sourcecode.c.h; path = SSPAbstractMethod.h; sourceTree = "<group>"; };
		F65C64B7177990B9001BB8A2 /* DBGLog.h */ = {isa = PBXFileReference; fileEncoding = 4; lastKnownFileType = sourcecode.c.h; path = DBGLog.h; sourceTree = "<group>"; };
		F65C64B9177990B9001BB8A2 /* SSPSingleton.h */ = {isa = PBXFileReference; fileEncoding = 4; lastKnownFileType = sourcecode.c.h; path = SSPSingleton.h; sourceTree = "<group>"; };
		F65C64BA1779928E001BB8A2 /* UITableViewCell+SSPKit.h */ = {isa = PBXFileReference; fileEncoding = 4; lastKnownFileType = sourcecode.c.h; path = "UITableViewCell+SSPKit.h"; sourceTree = "<group>"; };
		F65C64BB1779928E001BB8A2 /* UITableViewCell+SSPKit.m */ = {isa = PBXFileReference; fileEncoding = 4; lastKnownFileType = sourcecode.c.objc; path = "UITableViewCell+SSPKit.m"; sourceTree = "<group>"; };
/* End PBXFileReference section */

/* Begin PBXFrameworksBuildPhase section */
		3F58CF821738FAFA00AF7A1D /* Frameworks */ = {
			isa = PBXFrameworksBuildPhase;
			buildActionMask = 2147483647;
			files = (
				74BE4B661BEE55FD00A097FF /* AVFoundation.framework in Frameworks */,
				5C0E4B421BE88CCC00EFC121 /* QuartzCore.framework in Frameworks */,
				3F58CF8A1738FAFA00AF7A1D /* UIKit.framework in Frameworks */,
				3F58CF8C1738FAFA00AF7A1D /* Foundation.framework in Frameworks */,
				3F58CF8E1738FAFA00AF7A1D /* CoreGraphics.framework in Frameworks */,
			);
			runOnlyForDeploymentPostprocessing = 0;
		};
		5C2075151B7DE1D100F6278E /* Frameworks */ = {
			isa = PBXFrameworksBuildPhase;
			buildActionMask = 2147483647;
			files = (
			);
			runOnlyForDeploymentPostprocessing = 0;
		};
/* End PBXFrameworksBuildPhase section */

/* Begin PBXGroup section */
		3F58CF7A1738FAFA00AF7A1D = {
			isa = PBXGroup;
			children = (
				3F58CF8F1738FAFA00AF7A1D /* SSPKit */,
				5C2075191B7DE1D100F6278E /* SSPKit Tests */,
				3F58CF881738FAFA00AF7A1D /* Frameworks */,
				3F58CF861738FAFA00AF7A1D /* Products */,
			);
			sourceTree = "<group>";
		};
		3F58CF861738FAFA00AF7A1D /* Products */ = {
			isa = PBXGroup;
			children = (
				3F58CF851738FAFA00AF7A1D /* SSPKit.app */,
				5C2075181B7DE1D100F6278E /* SSPKit Tests.xctest */,
			);
			name = Products;
			sourceTree = "<group>";
		};
		3F58CF881738FAFA00AF7A1D /* Frameworks */ = {
			isa = PBXGroup;
			children = (
				74BE4B651BEE55FD00A097FF /* AVFoundation.framework */,
				5C0E4B411BE88CCC00EFC121 /* QuartzCore.framework */,
				3F58CF891738FAFA00AF7A1D /* UIKit.framework */,
				3F58CF8B1738FAFA00AF7A1D /* Foundation.framework */,
				3F58CF8D1738FAFA00AF7A1D /* CoreGraphics.framework */,
			);
			name = Frameworks;
			sourceTree = "<group>";
		};
		3F58CF8F1738FAFA00AF7A1D /* SSPKit */ = {
			isa = PBXGroup;
			children = (
				74BE4B5D1BEE3D1000A097FF /* Example */,
				3F75D3ED1744B4B000F2DB60 /* Classes */,
				3F58CF981738FAFA00AF7A1D /* SSPAppDelegate.h */,
				3F58CF991738FAFA00AF7A1D /* SSPAppDelegate.m */,
				3F58CF901738FAFA00AF7A1D /* Supporting Files */,
			);
			path = SSPKit;
			sourceTree = "<group>";
		};
		3F58CF901738FAFA00AF7A1D /* Supporting Files */ = {
			isa = PBXGroup;
			children = (
				3F58CF911738FAFA00AF7A1D /* SSPKit-Info.plist */,
				3F58CF921738FAFA00AF7A1D /* InfoPlist.strings */,
				3F58CF951738FAFA00AF7A1D /* main.m */,
				3F58CF971738FAFA00AF7A1D /* SSPKit-Prefix.pch */,
				3F58CF9B1738FAFA00AF7A1D /* Default.png */,
				3F58CF9D1738FAFA00AF7A1D /* Default@2x.png */,
				3F58CF9F1738FAFA00AF7A1D /* Default-568h@2x.png */,
			);
			name = "Supporting Files";
			sourceTree = "<group>";
		};
		3F75D3ED1744B4B000F2DB60 /* Classes */ = {
			isa = PBXGroup;
			children = (
				74BE4B611BEE3D9C00A097FF /* Common */,
				5C2075011B7C7DA400F6278E /* Views */,
				3F75D3EE1744B4B000F2DB60 /* Categories */,
				F65C64B5177990B9001BB8A2 /* Macros */,
				74BE4B591BEE35D200A097FF /* ViewControllers */,
			);
			path = Classes;
			sourceTree = "<group>";
		};
		3F75D3EE1744B4B000F2DB60 /* Categories */ = {
			isa = PBXGroup;
			children = (
				5539DBAC17B8846F0007D408 /* NSAttributedString+Additions.h */,
				5539DBAD17B8846F0007D408 /* NSAttributedString+Additions.m */,
				3F75D3F11744B4B000F2DB60 /* UIView+SSPKit.h */,
				3F75D3F21744B4B000F2DB60 /* UIView+SSPKit.m */,
				F65C64BA1779928E001BB8A2 /* UITableViewCell+SSPKit.h */,
				F65C64BB1779928E001BB8A2 /* UITableViewCell+SSPKit.m */,
				5C2075051B7C83E000F6278E /* UIViewController+SSPStoryboard.h */,
				5C2075061B7C83E000F6278E /* UIViewController+SSPStoryboard.m */,
				5C20750B1B7DBFF100F6278E /* NSObject+SSPDictionary.h */,
				5C20750C1B7DBFF100F6278E /* NSObject+SSPDictionary.m */,
				5C20750E1B7DC17800F6278E /* NSObject+SSPPlist.h */,
				5C20750F1B7DC17800F6278E /* NSObject+SSPPlist.m */,
				5C2075111B7DC31C00F6278E /* NSDictionary+SSPParsing.h */,
				5C2075121B7DC31C00F6278E /* NSDictionary+SSPParsing.m */,
				5C2075291B7DEF0100F6278E /* UIColor+SSPHex.h */,
				5C20752A1B7DEF0100F6278E /* UIColor+SSPHex.m */,
				5C20752C1B84883C00F6278E /* UIView+Animation.h */,
				5C20752D1B84883C00F6278E /* UIView+Animation.m */,
				5C20752F1B8489FF00F6278E /* NSArray+SSPShuffle.h */,
				5C2075301B8489FF00F6278E /* NSArray+SSPShuffle.m */,
				5C2075321B848A2800F6278E /* NSMutableArray+SSPShuffle.h */,
				5C2075331B848A2800F6278E /* NSMutableArray+SSPShuffle.m */,
				5C2075351B848B5000F6278E /* NSString+SSPHash.h */,
				5C2075361B848B5000F6278E /* NSString+SSPHash.m */,
				5C9E57951B9046D50090D577 /* NSString+SSPUUID.h */,
				5C9E57961B9046D50090D577 /* NSString+SSPUUID.m */,
				5C2075381B84AD3F00F6278E /* UIView+SSPImageRepresentation.h */,
				5C2075391B84AD3F00F6278E /* UIView+SSPImageRepresentation.m */,
				5C20753B1B85848D00F6278E /* UIImage+SSPRenderInContext.h */,
				5C20753C1B85848D00F6278E /* UIImage+SSPRenderInContext.m */,
				5C20753E1B85A7CB00F6278E /* UIImage+SSPResize.h */,
				5C20753F1B85A7CB00F6278E /* UIImage+SSPResize.m */,
			);
			path = Categories;
			sourceTree = "<group>";
		};
		5C2075011B7C7DA400F6278E /* Views */ = {
			isa = PBXGroup;
			children = (
				5C2075021B7C7DBA00F6278E /* SSPNibContainerView.h */,
				5C2075031B7C7DBA00F6278E /* SSPNibContainerView.m */,
				5C0E4B3E1BE88C7F00EFC121 /* SSPGradientView.h */,
				5C0E4B3F1BE88C7F00EFC121 /* SSPGradientView.m */,
			);
			path = Views;
			sourceTree = "<group>";
		};
		5C2075191B7DE1D100F6278E /* SSPKit Tests */ = {
			isa = PBXGroup;
			children = (
				5C20751C1B7DE1D100F6278E /* SSPKit_Tests.m */,
				5C2075231B7DE3E700F6278E /* SSPParsingTest.m */,
				5C2075251B7DEA6B00F6278E /* SSPPlistTest.m */,
				5C2075271B7DEA9600F6278E /* TestObjects.plist */,
				5C20751A1B7DE1D100F6278E /* Supporting Files */,
			);
			path = "SSPKit Tests";
			sourceTree = "<group>";
		};
		5C20751A1B7DE1D100F6278E /* Supporting Files */ = {
			isa = PBXGroup;
			children = (
				5C20751B1B7DE1D100F6278E /* Info.plist */,
			);
			name = "Supporting Files";
			sourceTree = "<group>";
		};
		74BE4B591BEE35D200A097FF /* ViewControllers */ = {
			isa = PBXGroup;
			children = (
				74BE4B5A1BEE360500A097FF /* SSPImagePickerController.h */,
				74BE4B5B1BEE360500A097FF /* SSPImagePickerController.m */,
			);
			path = ViewControllers;
			sourceTree = "<group>";
		};
		74BE4B5D1BEE3D1000A097FF /* Example */ = {
			isa = PBXGroup;
			children = (
				74BE4B5E1BEE3D3F00A097FF /* SSPExampleHomeViewController.h */,
				74BE4B5F1BEE3D3F00A097FF /* SSPExampleHomeViewController.m */,
			);
			path = Example;
			sourceTree = "<group>";
		};
		74BE4B611BEE3D9C00A097FF /* Common */ = {
			isa = PBXGroup;
			children = (
				74BE4B631BEE3D9C00A097FF /* SSPGeometry.h */,
				74BE4B621BEE3D9C00A097FF /* SSPGeometry.c */,
			);
			path = Common;
			sourceTree = "<group>";
		};
		F65C64B5177990B9001BB8A2 /* Macros */ = {
			isa = PBXGroup;
			children = (
				F65C64B6177990B9001BB8A2 /* SSPAbstractMethod.h */,
				F65C64B7177990B9001BB8A2 /* DBGLog.h */,
				F65C64B9177990B9001BB8A2 /* SSPSingleton.h */,
			);
			path = Macros;
			sourceTree = "<group>";
		};
/* End PBXGroup section */

/* Begin PBXNativeTarget section */
		3F58CF841738FAFA00AF7A1D /* SSPKit */ = {
			isa = PBXNativeTarget;
			buildConfigurationList = 3F58CFA31738FAFA00AF7A1D /* Build configuration list for PBXNativeTarget "SSPKit" */;
			buildPhases = (
				3F58CF811738FAFA00AF7A1D /* Sources */,
				3F58CF821738FAFA00AF7A1D /* Frameworks */,
				3F58CF831738FAFA00AF7A1D /* Resources */,
			);
			buildRules = (
			);
			dependencies = (
			);
			name = SSPKit;
			productName = SSPKit;
			productReference = 3F58CF851738FAFA00AF7A1D /* SSPKit.app */;
			productType = "com.apple.product-type.application";
		};
		5C2075171B7DE1D100F6278E /* SSPKit Tests */ = {
			isa = PBXNativeTarget;
			buildConfigurationList = 5C2075221B7DE1D100F6278E /* Build configuration list for PBXNativeTarget "SSPKit Tests" */;
			buildPhases = (
				5C2075141B7DE1D100F6278E /* Sources */,
				5C2075151B7DE1D100F6278E /* Frameworks */,
				5C2075161B7DE1D100F6278E /* Resources */,
			);
			buildRules = (
			);
			dependencies = (
				5C20751F1B7DE1D100F6278E /* PBXTargetDependency */,
			);
			name = "SSPKit Tests";
			productName = "SSPKit Tests";
			productReference = 5C2075181B7DE1D100F6278E /* SSPKit Tests.xctest */;
			productType = "com.apple.product-type.bundle.unit-test";
		};
/* End PBXNativeTarget section */

/* Begin PBXProject section */
		3F58CF7C1738FAFA00AF7A1D /* Project object */ = {
			isa = PBXProject;
			attributes = {
				CLASSPREFIX = SSP;
				LastUpgradeCheck = 0450;
				ORGANIZATIONNAME = Softinform;
				TargetAttributes = {
					5C2075171B7DE1D100F6278E = {
						CreatedOnToolsVersion = 6.3.2;
						TestTargetID = 3F58CF841738FAFA00AF7A1D;
					};
				};
			};
			buildConfigurationList = 3F58CF7F1738FAFA00AF7A1D /* Build configuration list for PBXProject "SSPKit" */;
			compatibilityVersion = "Xcode 3.2";
			developmentRegion = English;
			hasScannedForEncodings = 0;
			knownRegions = (
				en,
			);
			mainGroup = 3F58CF7A1738FAFA00AF7A1D;
			productRefGroup = 3F58CF861738FAFA00AF7A1D /* Products */;
			projectDirPath = "";
			projectRoot = "";
			targets = (
				3F58CF841738FAFA00AF7A1D /* SSPKit */,
				5C2075171B7DE1D100F6278E /* SSPKit Tests */,
			);
		};
/* End PBXProject section */

/* Begin PBXResourcesBuildPhase section */
		3F58CF831738FAFA00AF7A1D /* Resources */ = {
			isa = PBXResourcesBuildPhase;
			buildActionMask = 2147483647;
			files = (
				3F58CF941738FAFA00AF7A1D /* InfoPlist.strings in Resources */,
				3F58CF9C1738FAFA00AF7A1D /* Default.png in Resources */,
				3F58CF9E1738FAFA00AF7A1D /* Default@2x.png in Resources */,
				3F58CFA01738FAFA00AF7A1D /* Default-568h@2x.png in Resources */,
			);
			runOnlyForDeploymentPostprocessing = 0;
		};
		5C2075161B7DE1D100F6278E /* Resources */ = {
			isa = PBXResourcesBuildPhase;
			buildActionMask = 2147483647;
			files = (
				5C2075281B7DEA9600F6278E /* TestObjects.plist in Resources */,
			);
			runOnlyForDeploymentPostprocessing = 0;
		};
/* End PBXResourcesBuildPhase section */

/* Begin PBXSourcesBuildPhase section */
		3F58CF811738FAFA00AF7A1D /* Sources */ = {
			isa = PBXSourcesBuildPhase;
			buildActionMask = 2147483647;
			files = (
				3F58CF961738FAFA00AF7A1D /* main.m in Sources */,
				5C2075311B8489FF00F6278E /* NSArray+SSPShuffle.m in Sources */,
				3F58CF9A1738FAFA00AF7A1D /* SSPAppDelegate.m in Sources */,
				5C20752B1B7DEF0100F6278E /* UIColor+SSPHex.m in Sources */,
				3F75D3FE1744B4B000F2DB60 /* UIView+SSPKit.m in Sources */,
				5C20753D1B85848D00F6278E /* UIImage+SSPRenderInContext.m in Sources */,
				5C0E4B401BE88C7F00EFC121 /* SSPGradientView.m in Sources */,
				5C2075071B7C83E000F6278E /* UIViewController+SSPStoryboard.m in Sources */,
				5C2075371B848B5000F6278E /* NSString+SSPHash.m in Sources */,
				5C2075131B7DC31C00F6278E /* NSDictionary+SSPParsing.m in Sources */,
				5C2075401B85A7CB00F6278E /* UIImage+SSPResize.m in Sources */,
				5C2075341B848A2800F6278E /* NSMutableArray+SSPShuffle.m in Sources */,
				74BE4B601BEE3D3F00A097FF /* SSPExampleHomeViewController.m in Sources */,
				5C20753A1B84AD3F00F6278E /* UIView+SSPImageRepresentation.m in Sources */,
				5C2075101B7DC17800F6278E /* NSObject+SSPPlist.m in Sources */,
				F65C64BC1779928E001BB8A2 /* UITableViewCell+SSPKit.m in Sources */,
				5C20752E1B84883C00F6278E /* UIView+Animation.m in Sources */,
				74BE4B641BEE3D9C00A097FF /* SSPGeometry.c in Sources */,
				5C20750D1B7DBFF100F6278E /* NSObject+SSPDictionary.m in Sources */,
				5C9E57971B9046D50090D577 /* NSString+SSPUUID.m in Sources */,
				74BE4B5C1BEE360500A097FF /* SSPImagePickerController.m in Sources */,
				5C2075041B7C7DBA00F6278E /* SSPNibContainerView.m in Sources */,
			);
			runOnlyForDeploymentPostprocessing = 0;
		};
		5C2075141B7DE1D100F6278E /* Sources */ = {
			isa = PBXSourcesBuildPhase;
			buildActionMask = 2147483647;
			files = (
				5C20751D1B7DE1D100F6278E /* SSPKit_Tests.m in Sources */,
				5C2075241B7DE3E700F6278E /* SSPParsingTest.m in Sources */,
				5C2075261B7DEA6B00F6278E /* SSPPlistTest.m in Sources */,
			);
			runOnlyForDeploymentPostprocessing = 0;
		};
/* End PBXSourcesBuildPhase section */

/* Begin PBXTargetDependency section */
		5C20751F1B7DE1D100F6278E /* PBXTargetDependency */ = {
			isa = PBXTargetDependency;
			target = 3F58CF841738FAFA00AF7A1D /* SSPKit */;
			targetProxy = 5C20751E1B7DE1D100F6278E /* PBXContainerItemProxy */;
		};
/* End PBXTargetDependency section */

/* Begin PBXVariantGroup section */
		3F58CF921738FAFA00AF7A1D /* InfoPlist.strings */ = {
			isa = PBXVariantGroup;
			children = (
				3F58CF931738FAFA00AF7A1D /* en */,
			);
			name = InfoPlist.strings;
			sourceTree = "<group>";
		};
/* End PBXVariantGroup section */

/* Begin XCBuildConfiguration section */
		3F58CFA11738FAFA00AF7A1D /* Debug */ = {
			isa = XCBuildConfiguration;
			buildSettings = {
				ALWAYS_SEARCH_USER_PATHS = NO;
				CLANG_CXX_LANGUAGE_STANDARD = "gnu++0x";
				CLANG_CXX_LIBRARY = "libc++";
				CLANG_ENABLE_OBJC_ARC = YES;
				CLANG_WARN_EMPTY_BODY = YES;
				CLANG_WARN__DUPLICATE_METHOD_MATCH = YES;
				"CODE_SIGN_IDENTITY[sdk=iphoneos*]" = "iPhone Developer";
				COPY_PHASE_STRIP = NO;
				GCC_C_LANGUAGE_STANDARD = gnu99;
				GCC_DYNAMIC_NO_PIC = NO;
				GCC_OPTIMIZATION_LEVEL = 0;
				GCC_PREPROCESSOR_DEFINITIONS = (
					"DEBUG=1",
					"$(inherited)",
				);
				GCC_SYMBOLS_PRIVATE_EXTERN = NO;
				GCC_WARN_ABOUT_RETURN_TYPE = YES;
				GCC_WARN_UNINITIALIZED_AUTOS = YES;
				GCC_WARN_UNUSED_VARIABLE = YES;
				IPHONEOS_DEPLOYMENT_TARGET = 6.0;
				ONLY_ACTIVE_ARCH = YES;
				SDKROOT = iphoneos;
				TARGETED_DEVICE_FAMILY = "1,2";
			};
			name = Debug;
		};
		3F58CFA21738FAFA00AF7A1D /* Release */ = {
			isa = XCBuildConfiguration;
			buildSettings = {
				ALWAYS_SEARCH_USER_PATHS = NO;
				CLANG_CXX_LANGUAGE_STANDARD = "gnu++0x";
				CLANG_CXX_LIBRARY = "libc++";
				CLANG_ENABLE_OBJC_ARC = YES;
				CLANG_WARN_EMPTY_BODY = YES;
				CLANG_WARN__DUPLICATE_METHOD_MATCH = YES;
				"CODE_SIGN_IDENTITY[sdk=iphoneos*]" = "iPhone Developer";
				COPY_PHASE_STRIP = YES;
				GCC_C_LANGUAGE_STANDARD = gnu99;
				GCC_WARN_ABOUT_RETURN_TYPE = YES;
				GCC_WARN_UNINITIALIZED_AUTOS = YES;
				GCC_WARN_UNUSED_VARIABLE = YES;
				IPHONEOS_DEPLOYMENT_TARGET = 6.0;
				OTHER_CFLAGS = "-DNS_BLOCK_ASSERTIONS=1";
				SDKROOT = iphoneos;
				TARGETED_DEVICE_FAMILY = "1,2";
				VALIDATE_PRODUCT = YES;
			};
			name = Release;
		};
		3F58CFA41738FAFA00AF7A1D /* Debug */ = {
			isa = XCBuildConfiguration;
			buildSettings = {
				GCC_PRECOMPILE_PREFIX_HEADER = YES;
				GCC_PREFIX_HEADER = "SSPKit/SSPKit-Prefix.pch";
				INFOPLIST_FILE = "SSPKit/SSPKit-Info.plist";
				PRODUCT_NAME = "$(TARGET_NAME)";
				WRAPPER_EXTENSION = app;
			};
			name = Debug;
		};
		3F58CFA51738FAFA00AF7A1D /* Release */ = {
			isa = XCBuildConfiguration;
			buildSettings = {
				GCC_PRECOMPILE_PREFIX_HEADER = YES;
				GCC_PREFIX_HEADER = "SSPKit/SSPKit-Prefix.pch";
				INFOPLIST_FILE = "SSPKit/SSPKit-Info.plist";
				PRODUCT_NAME = "$(TARGET_NAME)";
				WRAPPER_EXTENSION = app;
			};
			name = Release;
		};
		5C2075201B7DE1D100F6278E /* Debug */ = {
			isa = XCBuildConfiguration;
			buildSettings = {
				BUNDLE_LOADER = "$(TEST_HOST)";
				CLANG_ENABLE_MODULES = YES;
				CLANG_WARN_BOOL_CONVERSION = YES;
				CLANG_WARN_CONSTANT_CONVERSION = YES;
				CLANG_WARN_DIRECT_OBJC_ISA_USAGE = YES_ERROR;
				CLANG_WARN_ENUM_CONVERSION = YES;
				CLANG_WARN_INT_CONVERSION = YES;
				CLANG_WARN_OBJC_ROOT_CLASS = YES_ERROR;
				CLANG_WARN_UNREACHABLE_CODE = YES;
				DEBUG_INFORMATION_FORMAT = "dwarf-with-dsym";
				ENABLE_STRICT_OBJC_MSGSEND = YES;
				FRAMEWORK_SEARCH_PATHS = (
					"$(SDKROOT)/Developer/Library/Frameworks",
					"$(inherited)",
				);
				GCC_NO_COMMON_BLOCKS = YES;
				GCC_PREPROCESSOR_DEFINITIONS = (
					"DEBUG=1",
					"$(inherited)",
				);
				GCC_WARN_64_TO_32_BIT_CONVERSION = YES;
				GCC_WARN_ABOUT_RETURN_TYPE = YES_ERROR;
				GCC_WARN_UNDECLARED_SELECTOR = YES;
				GCC_WARN_UNINITIALIZED_AUTOS = YES_AGGRESSIVE;
				GCC_WARN_UNUSED_FUNCTION = YES;
				INFOPLIST_FILE = "SSPKit Tests/Info.plist";
				IPHONEOS_DEPLOYMENT_TARGET = 8.3;
				LD_RUNPATH_SEARCH_PATHS = "$(inherited) @executable_path/Frameworks @loader_path/Frameworks";
				MTL_ENABLE_DEBUG_INFO = YES;
				PRODUCT_NAME = "$(TARGET_NAME)";
				TEST_HOST = "$(BUILT_PRODUCTS_DIR)/SSPKit.app/SSPKit";
			};
			name = Debug;
		};
		5C2075211B7DE1D100F6278E /* Release */ = {
			isa = XCBuildConfiguration;
			buildSettings = {
				BUNDLE_LOADER = "$(TEST_HOST)";
				CLANG_ENABLE_MODULES = YES;
				CLANG_WARN_BOOL_CONVERSION = YES;
				CLANG_WARN_CONSTANT_CONVERSION = YES;
				CLANG_WARN_DIRECT_OBJC_ISA_USAGE = YES_ERROR;
				CLANG_WARN_ENUM_CONVERSION = YES;
				CLANG_WARN_INT_CONVERSION = YES;
				CLANG_WARN_OBJC_ROOT_CLASS = YES_ERROR;
				CLANG_WARN_UNREACHABLE_CODE = YES;
				COPY_PHASE_STRIP = NO;
				DEBUG_INFORMATION_FORMAT = "dwarf-with-dsym";
				ENABLE_NS_ASSERTIONS = NO;
				ENABLE_STRICT_OBJC_MSGSEND = YES;
				FRAMEWORK_SEARCH_PATHS = (
					"$(SDKROOT)/Developer/Library/Frameworks",
					"$(inherited)",
				);
				GCC_NO_COMMON_BLOCKS = YES;
				GCC_WARN_64_TO_32_BIT_CONVERSION = YES;
				GCC_WARN_ABOUT_RETURN_TYPE = YES_ERROR;
				GCC_WARN_UNDECLARED_SELECTOR = YES;
				GCC_WARN_UNINITIALIZED_AUTOS = YES_AGGRESSIVE;
				GCC_WARN_UNUSED_FUNCTION = YES;
				INFOPLIST_FILE = "SSPKit Tests/Info.plist";
				IPHONEOS_DEPLOYMENT_TARGET = 8.3;
				LD_RUNPATH_SEARCH_PATHS = "$(inherited) @executable_path/Frameworks @loader_path/Frameworks";
				MTL_ENABLE_DEBUG_INFO = NO;
				PRODUCT_NAME = "$(TARGET_NAME)";
				TEST_HOST = "$(BUILT_PRODUCTS_DIR)/SSPKit.app/SSPKit";
			};
			name = Release;
		};
/* End XCBuildConfiguration section */

/* Begin XCConfigurationList section */
		3F58CF7F1738FAFA00AF7A1D /* Build configuration list for PBXProject "SSPKit" */ = {
			isa = XCConfigurationList;
			buildConfigurations = (
				3F58CFA11738FAFA00AF7A1D /* Debug */,
				3F58CFA21738FAFA00AF7A1D /* Release */,
			);
			defaultConfigurationIsVisible = 0;
			defaultConfigurationName = Release;
		};
		3F58CFA31738FAFA00AF7A1D /* Build configuration list for PBXNativeTarget "SSPKit" */ = {
			isa = XCConfigurationList;
			buildConfigurations = (
				3F58CFA41738FAFA00AF7A1D /* Debug */,
				3F58CFA51738FAFA00AF7A1D /* Release */,
			);
			defaultConfigurationIsVisible = 0;
			defaultConfigurationName = Release;
		};
		5C2075221B7DE1D100F6278E /* Build configuration list for PBXNativeTarget "SSPKit Tests" */ = {
			isa = XCConfigurationList;
			buildConfigurations = (
				5C2075201B7DE1D100F6278E /* Debug */,
				5C2075211B7DE1D100F6278E /* Release */,
			);
			defaultConfigurationIsVisible = 0;
			defaultConfigurationName = Release;
		};
/* End XCConfigurationList section */
	};
	rootObject = 3F58CF7C1738FAFA00AF7A1D /* Project object */;
}
