// !$*UTF8*$!
{
	archiveVersion = 1;
	classes = {
	};
	objectVersion = 46;
	objects = {

/* Begin PBXBuildFile section */
		3F58CF8A1738FAFA00AF7A1D /* UIKit.framework in Frameworks */ = {isa = PBXBuildFile; fileRef = 3F58CF891738FAFA00AF7A1D /* UIKit.framework */; };
		3F58CF8C1738FAFA00AF7A1D /* Foundation.framework in Frameworks */ = {isa = PBXBuildFile; fileRef = 3F58CF8B1738FAFA00AF7A1D /* Foundation.framework */; };
		3F58CF8E1738FAFA00AF7A1D /* CoreGraphics.framework in Frameworks */ = {isa = PBXBuildFile; fileRef = 3F58CF8D1738FAFA00AF7A1D /* CoreGraphics.framework */; };
		3F58CF941738FAFA00AF7A1D /* InfoPlist.strings in Resources */ = {isa = PBXBuildFile; fileRef = 3F58CF921738FAFA00AF7A1D /* InfoPlist.strings */; };
		3F58CF961738FAFA00AF7A1D /* main.m in Sources */ = {isa = PBXBuildFile; fileRef = 3F58CF951738FAFA00AF7A1D /* main.m */; };
		3F58CF9A1738FAFA00AF7A1D /* SSPAppDelegate.m in Sources */ = {isa = PBXBuildFile; fileRef = 3F58CF991738FAFA00AF7A1D /* SSPAppDelegate.m */; };
		3F58CF9C1738FAFA00AF7A1D /* Default.png in Resources */ = {isa = PBXBuildFile; fileRef = 3F58CF9B1738FAFA00AF7A1D /* Default.png */; };
		3F58CF9E1738FAFA00AF7A1D /* Default@2x.png in Resources */ = {isa = PBXBuildFile; fileRef = 3F58CF9D1738FAFA00AF7A1D /* Default@2x.png */; };
		3F58CFA01738FAFA00AF7A1D /* Default-568h@2x.png in Resources */ = {isa = PBXBuildFile; fileRef = 3F58CF9F1738FAFA00AF7A1D /* Default-568h@2x.png */; };
		3F75D3FE1744B4B000F2DB60 /* UIView+SSPKit.m in Sources */ = {isa = PBXBuildFile; fileRef = 3F75D3F21744B4B000F2DB60 /* UIView+SSPKit.m */; };
		5C2075041B7C7DBA00F6278E /* SSPNibContainerView.m in Sources */ = {isa = PBXBuildFile; fileRef = 5C2075031B7C7DBA00F6278E /* SSPNibContainerView.m */; };
		5C2075071B7C83E000F6278E /* UIViewController+SSPStoryboard.m in Sources */ = {isa = PBXBuildFile; fileRef = 5C2075061B7C83E000F6278E /* UIViewController+SSPStoryboard.m */; };
		5C20750A1B7DB31100F6278E /* SSPGeometry.c in Sources */ = {isa = PBXBuildFile; fileRef = 5C2075081B7DB31100F6278E /* SSPGeometry.c */; };
		5C20750D1B7DBFF100F6278E /* NSObject+SSPDictionary.m in Sources */ = {isa = PBXBuildFile; fileRef = 5C20750C1B7DBFF100F6278E /* NSObject+SSPDictionary.m */; };
		5C2075101B7DC17800F6278E /* NSObject+SSPPlist.m in Sources */ = {isa = PBXBuildFile; fileRef = 5C20750F1B7DC17800F6278E /* NSObject+SSPPlist.m */; };
		5C2075131B7DC31C00F6278E /* NSDictionary+SSPParsing.m in Sources */ = {isa = PBXBuildFile; fileRef = 5C2075121B7DC31C00F6278E /* NSDictionary+SSPParsing.m */; };
		F65C64BC1779928E001BB8A2 /* UITableViewCell+SSPKit.m in Sources */ = {isa = PBXBuildFile; fileRef = F65C64BB1779928E001BB8A2 /* UITableViewCell+SSPKit.m */; };
/* End PBXBuildFile section */

/* Begin PBXFileReference section */
		3F58CF851738FAFA00AF7A1D /* SSPKit.app */ = {isa = PBXFileReference; explicitFileType = wrapper.application; includeInIndex = 0; path = SSPKit.app; sourceTree = BUILT_PRODUCTS_DIR; };
		3F58CF891738FAFA00AF7A1D /* UIKit.framework */ = {isa = PBXFileReference; lastKnownFileType = wrapper.framework; name = UIKit.framework; path = System/Library/Frameworks/UIKit.framework; sourceTree = SDKROOT; };
		3F58CF8B1738FAFA00AF7A1D /* Foundation.framework */ = {isa = PBXFileReference; lastKnownFileType = wrapper.framework; name = Foundation.framework; path = System/Library/Frameworks/Foundation.framework; sourceTree = SDKROOT; };
		3F58CF8D1738FAFA00AF7A1D /* CoreGraphics.framework */ = {isa = PBXFileReference; lastKnownFileType = wrapper.framework; name = CoreGraphics.framework; path = System/Library/Frameworks/CoreGraphics.framework; sourceTree = SDKROOT; };
		3F58CF911738FAFA00AF7A1D /* SSPKit-Info.plist */ = {isa = PBXFileReference; lastKnownFileType = text.plist.xml; path = "SSPKit-Info.plist"; sourceTree = "<group>"; };
		3F58CF931738FAFA00AF7A1D /* en */ = {isa = PBXFileReference; lastKnownFileType = text.plist.strings; name = en; path = en.lproj/InfoPlist.strings; sourceTree = "<group>"; };
		3F58CF951738FAFA00AF7A1D /* main.m */ = {isa = PBXFileReference; lastKnownFileType = sourcecode.c.objc; path = main.m; sourceTree = "<group>"; };
		3F58CF971738FAFA00AF7A1D /* SSPKit-Prefix.pch */ = {isa = PBXFileReference; lastKnownFileType = sourcecode.c.h; path = "SSPKit-Prefix.pch"; sourceTree = "<group>"; };
		3F58CF981738FAFA00AF7A1D /* SSPAppDelegate.h */ = {isa = PBXFileReference; lastKnownFileType = sourcecode.c.h; path = SSPAppDelegate.h; sourceTree = "<group>"; };
		3F58CF991738FAFA00AF7A1D /* SSPAppDelegate.m */ = {isa = PBXFileReference; lastKnownFileType = sourcecode.c.objc; path = SSPAppDelegate.m; sourceTree = "<group>"; };
		3F58CF9B1738FAFA00AF7A1D /* Default.png */ = {isa = PBXFileReference; lastKnownFileType = image.png; path = Default.png; sourceTree = "<group>"; };
		3F58CF9D1738FAFA00AF7A1D /* Default@2x.png */ = {isa = PBXFileReference; lastKnownFileType = image.png; path = "Default@2x.png"; sourceTree = "<group>"; };
		3F58CF9F1738FAFA00AF7A1D /* Default-568h@2x.png */ = {isa = PBXFileReference; lastKnownFileType = image.png; path = "Default-568h@2x.png"; sourceTree = "<group>"; };
		3F75D3F11744B4B000F2DB60 /* UIView+SSPKit.h */ = {isa = PBXFileReference; fileEncoding = 4; lastKnownFileType = sourcecode.c.h; path = "UIView+SSPKit.h"; sourceTree = "<group>"; };
		3F75D3F21744B4B000F2DB60 /* UIView+SSPKit.m */ = {isa = PBXFileReference; fileEncoding = 4; lastKnownFileType = sourcecode.c.objc; path = "UIView+SSPKit.m"; sourceTree = "<group>"; };
		5539DBAC17B8846F0007D408 /* NSAttributedString+Additions.h */ = {isa = PBXFileReference; lastKnownFileType = sourcecode.c.h; path = "NSAttributedString+Additions.h"; sourceTree = "<group>"; };
		5539DBAD17B8846F0007D408 /* NSAttributedString+Additions.m */ = {isa = PBXFileReference; lastKnownFileType = sourcecode.c.objc; path = "NSAttributedString+Additions.m"; sourceTree = "<group>"; };
		5C2075021B7C7DBA00F6278E /* SSPNibContainerView.h */ = {isa = PBXFileReference; fileEncoding = 4; lastKnownFileType = sourcecode.c.h; path = SSPNibContainerView.h; sourceTree = "<group>"; };
		5C2075031B7C7DBA00F6278E /* SSPNibContainerView.m */ = {isa = PBXFileReference; fileEncoding = 4; lastKnownFileType = sourcecode.c.objc; path = SSPNibContainerView.m; sourceTree = "<group>"; };
		5C2075051B7C83E000F6278E /* UIViewController+SSPStoryboard.h */ = {isa = PBXFileReference; fileEncoding = 4; lastKnownFileType = sourcecode.c.h; path = "UIViewController+SSPStoryboard.h"; sourceTree = "<group>"; };
		5C2075061B7C83E000F6278E /* UIViewController+SSPStoryboard.m */ = {isa = PBXFileReference; fileEncoding = 4; lastKnownFileType = sourcecode.c.objc; path = "UIViewController+SSPStoryboard.m"; sourceTree = "<group>"; };
		5C2075081B7DB31100F6278E /* SSPGeometry.c */ = {isa = PBXFileReference; fileEncoding = 4; lastKnownFileType = sourcecode.c.c; path = SSPGeometry.c; sourceTree = "<group>"; };
		5C2075091B7DB31100F6278E /* SSPGeometry.h */ = {isa = PBXFileReference; fileEncoding = 4; lastKnownFileType = sourcecode.c.h; path = SSPGeometry.h; sourceTree = "<group>"; };
		5C20750B1B7DBFF100F6278E /* NSObject+SSPDictionary.h */ = {isa = PBXFileReference; fileEncoding = 4; lastKnownFileType = sourcecode.c.h; path = "NSObject+SSPDictionary.h"; sourceTree = "<group>"; };
		5C20750C1B7DBFF100F6278E /* NSObject+SSPDictionary.m */ = {isa = PBXFileReference; fileEncoding = 4; lastKnownFileType = sourcecode.c.objc; path = "NSObject+SSPDictionary.m"; sourceTree = "<group>"; };
		5C20750E1B7DC17800F6278E /* NSObject+SSPPlist.h */ = {isa = PBXFileReference; fileEncoding = 4; lastKnownFileType = sourcecode.c.h; path = "NSObject+SSPPlist.h"; sourceTree = "<group>"; };
		5C20750F1B7DC17800F6278E /* NSObject+SSPPlist.m */ = {isa = PBXFileReference; fileEncoding = 4; lastKnownFileType = sourcecode.c.objc; path = "NSObject+SSPPlist.m"; sourceTree = "<group>"; };
		5C2075111B7DC31C00F6278E /* NSDictionary+SSPParsing.h */ = {isa = PBXFileReference; fileEncoding = 4; lastKnownFileType = sourcecode.c.h; path = "NSDictionary+SSPParsing.h"; sourceTree = "<group>"; };
		5C2075121B7DC31C00F6278E /* NSDictionary+SSPParsing.m */ = {isa = PBXFileReference; fileEncoding = 4; lastKnownFileType = sourcecode.c.objc; path = "NSDictionary+SSPParsing.m"; sourceTree = "<group>"; };
		F65C64B6177990B9001BB8A2 /* SSPAbstractMethod.h */ = {isa = PBXFileReference; fileEncoding = 4; lastKnownFileType = sourcecode.c.h; path = SSPAbstractMethod.h; sourceTree = "<group>"; };
		F65C64B7177990B9001BB8A2 /* DBGLog.h */ = {isa = PBXFileReference; fileEncoding = 4; lastKnownFileType = sourcecode.c.h; path = DBGLog.h; sourceTree = "<group>"; };
		F65C64B9177990B9001BB8A2 /* SSPSingleton.h */ = {isa = PBXFileReference; fileEncoding = 4; lastKnownFileType = sourcecode.c.h; path = SSPSingleton.h; sourceTree = "<group>"; };
		F65C64BA1779928E001BB8A2 /* UITableViewCell+SSPKit.h */ = {isa = PBXFileReference; fileEncoding = 4; lastKnownFileType = sourcecode.c.h; path = "UITableViewCell+SSPKit.h"; sourceTree = "<group>"; };
		F65C64BB1779928E001BB8A2 /* UITableViewCell+SSPKit.m */ = {isa = PBXFileReference; fileEncoding = 4; lastKnownFileType = sourcecode.c.objc; path = "UITableViewCell+SSPKit.m"; sourceTree = "<group>"; };
/* End PBXFileReference section */

/* Begin PBXFrameworksBuildPhase section */
		3F58CF821738FAFA00AF7A1D /* Frameworks */ = {
			isa = PBXFrameworksBuildPhase;
			buildActionMask = 2147483647;
			files = (
				3F58CF8A1738FAFA00AF7A1D /* UIKit.framework in Frameworks */,
				3F58CF8C1738FAFA00AF7A1D /* Foundation.framework in Frameworks */,
				3F58CF8E1738FAFA00AF7A1D /* CoreGraphics.framework in Frameworks */,
			);
			runOnlyForDeploymentPostprocessing = 0;
		};
/* End PBXFrameworksBuildPhase section */

/* Begin PBXGroup section */
		3F58CF7A1738FAFA00AF7A1D = {
			isa = PBXGroup;
			children = (
				3F58CF8F1738FAFA00AF7A1D /* SSPKit */,
				3F58CF881738FAFA00AF7A1D /* Frameworks */,
				3F58CF861738FAFA00AF7A1D /* Products */,
			);
			sourceTree = "<group>";
		};
		3F58CF861738FAFA00AF7A1D /* Products */ = {
			isa = PBXGroup;
			children = (
				3F58CF851738FAFA00AF7A1D /* SSPKit.app */,
			);
			name = Products;
			sourceTree = "<group>";
		};
		3F58CF881738FAFA00AF7A1D /* Frameworks */ = {
			isa = PBXGroup;
			children = (
				3F58CF891738FAFA00AF7A1D /* UIKit.framework */,
				3F58CF8B1738FAFA00AF7A1D /* Foundation.framework */,
				3F58CF8D1738FAFA00AF7A1D /* CoreGraphics.framework */,
			);
			name = Frameworks;
			sourceTree = "<group>";
		};
		3F58CF8F1738FAFA00AF7A1D /* SSPKit */ = {
			isa = PBXGroup;
			children = (
				3F75D3ED1744B4B000F2DB60 /* Classes */,
				3F58CF981738FAFA00AF7A1D /* SSPAppDelegate.h */,
				3F58CF991738FAFA00AF7A1D /* SSPAppDelegate.m */,
				3F58CF901738FAFA00AF7A1D /* Supporting Files */,
			);
			path = SSPKit;
			sourceTree = "<group>";
		};
		3F58CF901738FAFA00AF7A1D /* Supporting Files */ = {
			isa = PBXGroup;
			children = (
				3F58CF911738FAFA00AF7A1D /* SSPKit-Info.plist */,
				3F58CF921738FAFA00AF7A1D /* InfoPlist.strings */,
				3F58CF951738FAFA00AF7A1D /* main.m */,
				3F58CF971738FAFA00AF7A1D /* SSPKit-Prefix.pch */,
				3F58CF9B1738FAFA00AF7A1D /* Default.png */,
				3F58CF9D1738FAFA00AF7A1D /* Default@2x.png */,
				3F58CF9F1738FAFA00AF7A1D /* Default-568h@2x.png */,
			);
			name = "Supporting Files";
			sourceTree = "<group>";
		};
		3F75D3ED1744B4B000F2DB60 /* Classes */ = {
			isa = PBXGroup;
			children = (
				5C2075011B7C7DA400F6278E /* Views */,
				3F75D3EE1744B4B000F2DB60 /* Categories */,
				F65C64B5177990B9001BB8A2 /* Macros */,
				3F75D3F91744B4B000F2DB60 /* ViewControllers */,
				5C2075091B7DB31100F6278E /* SSPGeometry.h */,
				5C2075081B7DB31100F6278E /* SSPGeometry.c */,
			);
			path = Classes;
			sourceTree = "<group>";
		};
		3F75D3EE1744B4B000F2DB60 /* Categories */ = {
			isa = PBXGroup;
			children = (
				5539DBAC17B8846F0007D408 /* NSAttributedString+Additions.h */,
				5539DBAD17B8846F0007D408 /* NSAttributedString+Additions.m */,
				3F75D3F11744B4B000F2DB60 /* UIView+SSPKit.h */,
				3F75D3F21744B4B000F2DB60 /* UIView+SSPKit.m */,
				F65C64BA1779928E001BB8A2 /* UITableViewCell+SSPKit.h */,
				F65C64BB1779928E001BB8A2 /* UITableViewCell+SSPKit.m */,
				5C2075051B7C83E000F6278E /* UIViewController+SSPStoryboard.h */,
				5C2075061B7C83E000F6278E /* UIViewController+SSPStoryboard.m */,
				5C20750B1B7DBFF100F6278E /* NSObject+SSPDictionary.h */,
				5C20750C1B7DBFF100F6278E /* NSObject+SSPDictionary.m */,
				5C20750E1B7DC17800F6278E /* NSObject+SSPPlist.h */,
				5C20750F1B7DC17800F6278E /* NSObject+SSPPlist.m */,
				5C2075111B7DC31C00F6278E /* NSDictionary+SSPParsing.h */,
				5C2075121B7DC31C00F6278E /* NSDictionary+SSPParsing.m */,
			);
			path = Categories;
			sourceTree = "<group>";
		};
		3F75D3F91744B4B000F2DB60 /* ViewControllers */ = {
			isa = PBXGroup;
			children = (
			);
			path = ViewControllers;
			sourceTree = "<group>";
		};
		5C2075011B7C7DA400F6278E /* Views */ = {
			isa = PBXGroup;
			children = (
				5C2075021B7C7DBA00F6278E /* SSPNibContainerView.h */,
				5C2075031B7C7DBA00F6278E /* SSPNibContainerView.m */,
			);
			path = Views;
			sourceTree = "<group>";
		};
		F65C64B5177990B9001BB8A2 /* Macros */ = {
			isa = PBXGroup;
			children = (
				F65C64B6177990B9001BB8A2 /* SSPAbstractMethod.h */,
				F65C64B7177990B9001BB8A2 /* DBGLog.h */,
				F65C64B9177990B9001BB8A2 /* SSPSingleton.h */,
			);
			path = Macros;
			sourceTree = "<group>";
		};
/* End PBXGroup section */

/* Begin PBXNativeTarget section */
		3F58CF841738FAFA00AF7A1D /* SSPKit */ = {
			isa = PBXNativeTarget;
			buildConfigurationList = 3F58CFA31738FAFA00AF7A1D /* Build configuration list for PBXNativeTarget "SSPKit" */;
			buildPhases = (
				3F58CF811738FAFA00AF7A1D /* Sources */,
				3F58CF821738FAFA00AF7A1D /* Frameworks */,
				3F58CF831738FAFA00AF7A1D /* Resources */,
			);
			buildRules = (
			);
			dependencies = (
			);
			name = SSPKit;
			productName = SSPKit;
			productReference = 3F58CF851738FAFA00AF7A1D /* SSPKit.app */;
			productType = "com.apple.product-type.application";
		};
/* End PBXNativeTarget section */

/* Begin PBXProject section */
		3F58CF7C1738FAFA00AF7A1D /* Project object */ = {
			isa = PBXProject;
			attributes = {
				CLASSPREFIX = SSP;
				LastUpgradeCheck = 0450;
				ORGANIZATIONNAME = Softinform;
			};
			buildConfigurationList = 3F58CF7F1738FAFA00AF7A1D /* Build configuration list for PBXProject "SSPKit" */;
			compatibilityVersion = "Xcode 3.2";
			developmentRegion = English;
			hasScannedForEncodings = 0;
			knownRegions = (
				en,
			);
			mainGroup = 3F58CF7A1738FAFA00AF7A1D;
			productRefGroup = 3F58CF861738FAFA00AF7A1D /* Products */;
			projectDirPath = "";
			projectRoot = "";
			targets = (
				3F58CF841738FAFA00AF7A1D /* SSPKit */,
			);
		};
/* End PBXProject section */

/* Begin PBXResourcesBuildPhase section */
		3F58CF831738FAFA00AF7A1D /* Resources */ = {
			isa = PBXResourcesBuildPhase;
			buildActionMask = 2147483647;
			files = (
				3F58CF941738FAFA00AF7A1D /* InfoPlist.strings in Resources */,
				3F58CF9C1738FAFA00AF7A1D /* Default.png in Resources */,
				3F58CF9E1738FAFA00AF7A1D /* Default@2x.png in Resources */,
				3F58CFA01738FAFA00AF7A1D /* Default-568h@2x.png in Resources */,
			);
			runOnlyForDeploymentPostprocessing = 0;
		};
/* End PBXResourcesBuildPhase section */

/* Begin PBXSourcesBuildPhase section */
		3F58CF811738FAFA00AF7A1D /* Sources */ = {
			isa = PBXSourcesBuildPhase;
			buildActionMask = 2147483647;
			files = (
				3F58CF961738FAFA00AF7A1D /* main.m in Sources */,
				3F58CF9A1738FAFA00AF7A1D /* SSPAppDelegate.m in Sources */,
				3F75D3FE1744B4B000F2DB60 /* UIView+SSPKit.m in Sources */,
				5C20750A1B7DB31100F6278E /* SSPGeometry.c in Sources */,
				5C2075071B7C83E000F6278E /* UIViewController+SSPStoryboard.m in Sources */,
				5C2075131B7DC31C00F6278E /* NSDictionary+SSPParsing.m in Sources */,
				5C2075101B7DC17800F6278E /* NSObject+SSPPlist.m in Sources */,
				F65C64BC1779928E001BB8A2 /* UITableViewCell+SSPKit.m in Sources */,
				5C20750D1B7DBFF100F6278E /* NSObject+SSPDictionary.m in Sources */,
				5C2075041B7C7DBA00F6278E /* SSPNibContainerView.m in Sources */,
			);
			runOnlyForDeploymentPostprocessing = 0;
		};
/* End PBXSourcesBuildPhase section */

/* Begin PBXVariantGroup section */
		3F58CF921738FAFA00AF7A1D /* InfoPlist.strings */ = {
			isa = PBXVariantGroup;
			children = (
				3F58CF931738FAFA00AF7A1D /* en */,
			);
			name = InfoPlist.strings;
			sourceTree = "<group>";
		};
/* End PBXVariantGroup section */

/* Begin XCBuildConfiguration section */
		3F58CFA11738FAFA00AF7A1D /* Debug */ = {
			isa = XCBuildConfiguration;
			buildSettings = {
				ALWAYS_SEARCH_USER_PATHS = NO;
				CLANG_CXX_LANGUAGE_STANDARD = "gnu++0x";
				CLANG_CXX_LIBRARY = "libc++";
				CLANG_ENABLE_OBJC_ARC = YES;
				CLANG_WARN_EMPTY_BODY = YES;
				CLANG_WARN__DUPLICATE_METHOD_MATCH = YES;
				"CODE_SIGN_IDENTITY[sdk=iphoneos*]" = "iPhone Developer";
				COPY_PHASE_STRIP = NO;
				GCC_C_LANGUAGE_STANDARD = gnu99;
				GCC_DYNAMIC_NO_PIC = NO;
				GCC_OPTIMIZATION_LEVEL = 0;
				GCC_PREPROCESSOR_DEFINITIONS = (
					"DEBUG=1",
					"$(inherited)",
				);
				GCC_SYMBOLS_PRIVATE_EXTERN = NO;
				GCC_WARN_ABOUT_RETURN_TYPE = YES;
				GCC_WARN_UNINITIALIZED_AUTOS = YES;
				GCC_WARN_UNUSED_VARIABLE = YES;
				IPHONEOS_DEPLOYMENT_TARGET = 6.0;
				ONLY_ACTIVE_ARCH = YES;
				SDKROOT = iphoneos;
				TARGETED_DEVICE_FAMILY = "1,2";
			};
			name = Debug;
		};
		3F58CFA21738FAFA00AF7A1D /* Release */ = {
			isa = XCBuildConfiguration;
			buildSettings = {
				ALWAYS_SEARCH_USER_PATHS = NO;
				CLANG_CXX_LANGUAGE_STANDARD = "gnu++0x";
				CLANG_CXX_LIBRARY = "libc++";
				CLANG_ENABLE_OBJC_ARC = YES;
				CLANG_WARN_EMPTY_BODY = YES;
				CLANG_WARN__DUPLICATE_METHOD_MATCH = YES;
				"CODE_SIGN_IDENTITY[sdk=iphoneos*]" = "iPhone Developer";
				COPY_PHASE_STRIP = YES;
				GCC_C_LANGUAGE_STANDARD = gnu99;
				GCC_WARN_ABOUT_RETURN_TYPE = YES;
				GCC_WARN_UNINITIALIZED_AUTOS = YES;
				GCC_WARN_UNUSED_VARIABLE = YES;
				IPHONEOS_DEPLOYMENT_TARGET = 6.0;
				OTHER_CFLAGS = "-DNS_BLOCK_ASSERTIONS=1";
				SDKROOT = iphoneos;
				TARGETED_DEVICE_FAMILY = "1,2";
				VALIDATE_PRODUCT = YES;
			};
			name = Release;
		};
		3F58CFA41738FAFA00AF7A1D /* Debug */ = {
			isa = XCBuildConfiguration;
			buildSettings = {
				GCC_PRECOMPILE_PREFIX_HEADER = YES;
				GCC_PREFIX_HEADER = "SSPKit/SSPKit-Prefix.pch";
				INFOPLIST_FILE = "SSPKit/SSPKit-Info.plist";
				PRODUCT_NAME = "$(TARGET_NAME)";
				WRAPPER_EXTENSION = app;
			};
			name = Debug;
		};
		3F58CFA51738FAFA00AF7A1D /* Release */ = {
			isa = XCBuildConfiguration;
			buildSettings = {
				GCC_PRECOMPILE_PREFIX_HEADER = YES;
				GCC_PREFIX_HEADER = "SSPKit/SSPKit-Prefix.pch";
				INFOPLIST_FILE = "SSPKit/SSPKit-Info.plist";
				PRODUCT_NAME = "$(TARGET_NAME)";
				WRAPPER_EXTENSION = app;
			};
			name = Release;
		};
/* End XCBuildConfiguration section */

/* Begin XCConfigurationList section */
		3F58CF7F1738FAFA00AF7A1D /* Build configuration list for PBXProject "SSPKit" */ = {
			isa = XCConfigurationList;
			buildConfigurations = (
				3F58CFA11738FAFA00AF7A1D /* Debug */,
				3F58CFA21738FAFA00AF7A1D /* Release */,
			);
			defaultConfigurationIsVisible = 0;
			defaultConfigurationName = Release;
		};
		3F58CFA31738FAFA00AF7A1D /* Build configuration list for PBXNativeTarget "SSPKit" */ = {
			isa = XCConfigurationList;
			buildConfigurations = (
				3F58CFA41738FAFA00AF7A1D /* Debug */,
				3F58CFA51738FAFA00AF7A1D /* Release */,
			);
			defaultConfigurationIsVisible = 0;
			defaultConfigurationName = Release;
		};
/* End XCConfigurationList section */
	};
	rootObject = 3F58CF7C1738FAFA00AF7A1D /* Project object */;
}
